
Microsoft Visual Studio Solution File, Format Version 12.00
# Visual Studio Version 16
VisualStudioVersion = 16.0.31729.503
MinimumVisualStudioVersion = 10.0.40219.1
Project("{FAE04EC0-301F-11D3-BF4B-00C04F79EFBC}") = "MovieList", "MoviesList\MovieList.csproj", "{EB592606-95FD-4ACB-B841-8EFCD6F5E0F3}"
EndProject
Global
	GlobalSection(SolutionConfigurationPlatforms) = preSolution
		Debug|Any CPU = Debug|Any CPU
		Release|Any CPU = Release|Any CPU
	EndGlobalSection
	GlobalSection(ProjectConfigurationPlatforms) = postSolution
		{EB592606-95FD-4ACB-B841-8EFCD6F5E0F3}.Debug|Any CPU.ActiveCfg = Debug|Any CPU
		{EB592606-95FD-4ACB-B841-8EFCD6F5E0F3}.Debug|Any CPU.Build.0 = Debug|Any CPU
		{EB592606-95FD-4ACB-B841-8EFCD6F5E0F3}.Release|Any CPU.ActiveCfg = Release|Any CPU
		{EB592606-95FD-4ACB-B841-8EFCD6F5E0F3}.Release|Any CPU.Build.0 = Release|Any CPU
	EndGlobalSection
	GlobalSection(SolutionProperties) = preSolution
		HideSolutionNode = FALSE
	EndGlobalSection
	GlobalSection(ExtensibilityGlobals) = postSolution
		SolutionGuid = {B1639497-7424-4025-AC7E-047C849DD8E6}
	EndGlobalSection
EndGlobal
